PODS:
  - DevToDoPod (0.0.1)
  - SwiftLint (0.43.1)

DEPENDENCIES:
  - DevToDoPod (from `LocalPod/DevToDoPod`)
  - SwiftLint

SPEC REPOS:
  trunk:
    - SwiftLint

EXTERNAL SOURCES:
  DevToDoPod:
    :path: LocalPod/DevToDoPod

SPEC CHECKSUMS:
  DevToDoPod: 17e9220222ba5da8c55bec4dd38303d2d2923e06
  SwiftLint: 99f82d07b837b942dd563c668de129a03fc3fb52

PODFILE CHECKSUM: 81fc1fc11b1463567bf3dba11479536afc70ac82

COCOAPODS: 1.10.0
