// !$*UTF8*$!
{
	archiveVersion = 1;
	classes = {
	};
	objectVersion = 50;
	objects = {

/* Begin PBXBuildFile section */
		46020F942671FBAF008BE13B /* ToDoItemModel.swift in Sources */ = {isa = PBXBuildFile; fileRef = 46020F932671FBAF008BE13B /* ToDoItemModel.swift */; };
		46020FA02671FBE0008BE13B /* FileCache.swift in Sources */ = {isa = PBXBuildFile; fileRef = 46020F9F2671FBE0008BE13B /* FileCache.swift */; };
		46020FEE267683EF008BE13B /* DetailTaskViewController.swift in Sources */ = {isa = PBXBuildFile; fileRef = 46020FED267683EF008BE13B /* DetailTaskViewController.swift */; };
		46020FF326768404008BE13B /* DetailView.swift in Sources */ = {isa = PBXBuildFile; fileRef = 46020FF226768404008BE13B /* DetailView.swift */; };
		4669530A266A191800EFEFD4 /* Localizable.strings in Resources */ = {isa = PBXBuildFile; fileRef = 4669530C266A191800EFEFD4 /* Localizable.strings */; };
		4680B355267C7AC5000CEA75 /* Colors.xcassets in Resources */ = {isa = PBXBuildFile; fileRef = 4680B354267C7AC5000CEA75 /* Colors.xcassets */; };
		4680B35C267C7AD8000CEA75 /* UILabel+Ext.swift in Sources */ = {isa = PBXBuildFile; fileRef = 4680B35A267C7AD8000CEA75 /* UILabel+Ext.swift */; };
		4680B35D267C7AD8000CEA75 /* Date+Ext.swift in Sources */ = {isa = PBXBuildFile; fileRef = 4680B35B267C7AD8000CEA75 /* Date+Ext.swift */; };
		468F8BF6267CD39B001231E8 /* AllTasksViewController.swift in Sources */ = {isa = PBXBuildFile; fileRef = 468F8BF3267CD39B001231E8 /* AllTasksViewController.swift */; };
		468F8BF7267CD39B001231E8 /* MainTaskCell.swift in Sources */ = {isa = PBXBuildFile; fileRef = 468F8BF5267CD39B001231E8 /* MainTaskCell.swift */; };
		468F8BFF267DEFDF001231E8 /* Images.swift in Sources */ = {isa = PBXBuildFile; fileRef = 468F8BFE267DEFDF001231E8 /* Images.swift */; };
		468F8C04267DF35A001231E8 /* Colors.swift in Sources */ = {isa = PBXBuildFile; fileRef = 468F8C03267DF35A001231E8 /* Colors.swift */; };
		46967B962668FC35003DBDFF /* StartViewController.swift in Sources */ = {isa = PBXBuildFile; fileRef = 46967B952668FC35003DBDFF /* StartViewController.swift */; };
		469A4B612668D49800854663 /* AppDelegate.swift in Sources */ = {isa = PBXBuildFile; fileRef = 469A4B602668D49800854663 /* AppDelegate.swift */; };
		469A4B632668D49800854663 /* SceneDelegate.swift in Sources */ = {isa = PBXBuildFile; fileRef = 469A4B622668D49800854663 /* SceneDelegate.swift */; };
		469A4B6A2668D49C00854663 /* Assets.xcassets in Resources */ = {isa = PBXBuildFile; fileRef = 469A4B692668D49C00854663 /* Assets.xcassets */; };
		469A4B6D2668D49C00854663 /* LaunchScreen.storyboard in Resources */ = {isa = PBXBuildFile; fileRef = 469A4B6B2668D49C00854663 /* LaunchScreen.storyboard */; };
		469A4B782668D49C00854663 /* Ya_DoTests.swift in Sources */ = {isa = PBXBuildFile; fileRef = 469A4B772668D49C00854663 /* Ya_DoTests.swift */; };
		469A4B832668D49C00854663 /* Ya_DoUITests.swift in Sources */ = {isa = PBXBuildFile; fileRef = 469A4B822668D49C00854663 /* Ya_DoUITests.swift */; };
		46E9535A267C9A6300DB67AF /* Titles enum.swift in Sources */ = {isa = PBXBuildFile; fileRef = 46E95359267C9A6300DB67AF /* Titles enum.swift */; };
		46E95365267C9F9900DB67AF /* Fonts.swift in Sources */ = {isa = PBXBuildFile; fileRef = 46E95364267C9F9900DB67AF /* Fonts.swift */; };
		BDDE55F7CEF33298955D164C /* Pods_Ya_Do_Ya_DoUITests.framework in Frameworks */ = {isa = PBXBuildFile; fileRef = 554D4C0821B07D803CF8716A /* Pods_Ya_Do_Ya_DoUITests.framework */; };
		DB3A67A55CBA560A4C8072DE /* Pods_Ya_Do.framework in Frameworks */ = {isa = PBXBuildFile; fileRef = 83247C07AF65B9749D194BD9 /* Pods_Ya_Do.framework */; };
		FB1866B2F332887FF5BD2214 /* Pods_Ya_DoTests.framework in Frameworks */ = {isa = PBXBuildFile; fileRef = 1B68351A0FA7AF5ACE2858DA /* Pods_Ya_DoTests.framework */; };
/* End PBXBuildFile section */

/* Begin PBXContainerItemProxy section */
		469A4B742668D49C00854663 /* PBXContainerItemProxy */ = {
			isa = PBXContainerItemProxy;
			containerPortal = 469A4B552668D49800854663 /* Project object */;
			proxyType = 1;
			remoteGlobalIDString = 469A4B5C2668D49800854663;
			remoteInfo = Ya.Do;
		};
		469A4B7F2668D49C00854663 /* PBXContainerItemProxy */ = {
			isa = PBXContainerItemProxy;
			containerPortal = 469A4B552668D49800854663 /* Project object */;
			proxyType = 1;
			remoteGlobalIDString = 469A4B5C2668D49800854663;
			remoteInfo = Ya.Do;
		};
/* End PBXContainerItemProxy section */

/* Begin PBXFileReference section */
		16F0A096C5F541C59A2F302D /* Pods-Ya.DoTests.release.xcconfig */ = {isa = PBXFileReference; includeInIndex = 1; lastKnownFileType = text.xcconfig; name = "Pods-Ya.DoTests.release.xcconfig"; path = "Target Support Files/Pods-Ya.DoTests/Pods-Ya.DoTests.release.xcconfig"; sourceTree = "<group>"; };
		1B68351A0FA7AF5ACE2858DA /* Pods_Ya_DoTests.framework */ = {isa = PBXFileReference; explicitFileType = wrapper.framework; includeInIndex = 0; path = Pods_Ya_DoTests.framework; sourceTree = BUILT_PRODUCTS_DIR; };
		46020F932671FBAF008BE13B /* ToDoItemModel.swift */ = {isa = PBXFileReference; lastKnownFileType = sourcecode.swift; path = ToDoItemModel.swift; sourceTree = "<group>"; };
		46020F9F2671FBE0008BE13B /* FileCache.swift */ = {isa = PBXFileReference; lastKnownFileType = sourcecode.swift; path = FileCache.swift; sourceTree = "<group>"; };
		46020FED267683EF008BE13B /* DetailTaskViewController.swift */ = {isa = PBXFileReference; fileEncoding = 4; lastKnownFileType = sourcecode.swift; path = DetailTaskViewController.swift; sourceTree = "<group>"; };
		46020FF226768404008BE13B /* DetailView.swift */ = {isa = PBXFileReference; fileEncoding = 4; lastKnownFileType = sourcecode.swift; path = DetailView.swift; sourceTree = "<group>"; };
		4669530B266A191800EFEFD4 /* en */ = {isa = PBXFileReference; lastKnownFileType = text.plist.strings; name = en; path = en.lproj/Localizable.strings; sourceTree = "<group>"; };
		46695310266A1D9000EFEFD4 /* ru */ = {isa = PBXFileReference; lastKnownFileType = text.plist.strings; name = ru; path = ru.lproj/Localizable.strings; sourceTree = "<group>"; };
		4680B354267C7AC5000CEA75 /* Colors.xcassets */ = {isa = PBXFileReference; lastKnownFileType = folder.assetcatalog; path = Colors.xcassets; sourceTree = "<group>"; };
		4680B35A267C7AD8000CEA75 /* UILabel+Ext.swift */ = {isa = PBXFileReference; fileEncoding = 4; lastKnownFileType = sourcecode.swift; path = "UILabel+Ext.swift"; sourceTree = "<group>"; };
		4680B35B267C7AD8000CEA75 /* Date+Ext.swift */ = {isa = PBXFileReference; fileEncoding = 4; lastKnownFileType = sourcecode.swift; path = "Date+Ext.swift"; sourceTree = "<group>"; };
		468F8BF3267CD39B001231E8 /* AllTasksViewController.swift */ = {isa = PBXFileReference; fileEncoding = 4; lastKnownFileType = sourcecode.swift; path = AllTasksViewController.swift; sourceTree = "<group>"; };
		468F8BF5267CD39B001231E8 /* MainTaskCell.swift */ = {isa = PBXFileReference; fileEncoding = 4; lastKnownFileType = sourcecode.swift; path = MainTaskCell.swift; sourceTree = "<group>"; };
		468F8BFE267DEFDF001231E8 /* Images.swift */ = {isa = PBXFileReference; lastKnownFileType = sourcecode.swift; path = Images.swift; sourceTree = "<group>"; };
		468F8C03267DF35A001231E8 /* Colors.swift */ = {isa = PBXFileReference; lastKnownFileType = sourcecode.swift; path = Colors.swift; sourceTree = "<group>"; };
		46967B952668FC35003DBDFF /* StartViewController.swift */ = {isa = PBXFileReference; lastKnownFileType = sourcecode.swift; path = StartViewController.swift; sourceTree = "<group>"; };
		469A4B5D2668D49800854663 /* Ya.Do.app */ = {isa = PBXFileReference; explicitFileType = wrapper.application; includeInIndex = 0; path = Ya.Do.app; sourceTree = BUILT_PRODUCTS_DIR; };
		469A4B602668D49800854663 /* AppDelegate.swift */ = {isa = PBXFileReference; lastKnownFileType = sourcecode.swift; path = AppDelegate.swift; sourceTree = "<group>"; };
		469A4B622668D49800854663 /* SceneDelegate.swift */ = {isa = PBXFileReference; lastKnownFileType = sourcecode.swift; path = SceneDelegate.swift; sourceTree = "<group>"; };
		469A4B692668D49C00854663 /* Assets.xcassets */ = {isa = PBXFileReference; lastKnownFileType = folder.assetcatalog; path = Assets.xcassets; sourceTree = "<group>"; };
		469A4B6C2668D49C00854663 /* Base */ = {isa = PBXFileReference; lastKnownFileType = file.storyboard; name = Base; path = Base.lproj/LaunchScreen.storyboard; sourceTree = "<group>"; };
		469A4B6E2668D49C00854663 /* Info.plist */ = {isa = PBXFileReference; lastKnownFileType = text.plist.xml; path = Info.plist; sourceTree = "<group>"; };
		469A4B732668D49C00854663 /* Ya.DoTests.xctest */ = {isa = PBXFileReference; explicitFileType = wrapper.cfbundle; includeInIndex = 0; path = Ya.DoTests.xctest; sourceTree = BUILT_PRODUCTS_DIR; };
		469A4B772668D49C00854663 /* Ya_DoTests.swift */ = {isa = PBXFileReference; lastKnownFileType = sourcecode.swift; path = Ya_DoTests.swift; sourceTree = "<group>"; };
		469A4B792668D49C00854663 /* Info.plist */ = {isa = PBXFileReference; lastKnownFileType = text.plist.xml; path = Info.plist; sourceTree = "<group>"; };
		469A4B7E2668D49C00854663 /* Ya.DoUITests.xctest */ = {isa = PBXFileReference; explicitFileType = wrapper.cfbundle; includeInIndex = 0; path = Ya.DoUITests.xctest; sourceTree = BUILT_PRODUCTS_DIR; };
		469A4B822668D49C00854663 /* Ya_DoUITests.swift */ = {isa = PBXFileReference; lastKnownFileType = sourcecode.swift; path = Ya_DoUITests.swift; sourceTree = "<group>"; };
		469A4B842668D49C00854663 /* Info.plist */ = {isa = PBXFileReference; lastKnownFileType = text.plist.xml; path = Info.plist; sourceTree = "<group>"; };
		46E95359267C9A6300DB67AF /* Titles enum.swift */ = {isa = PBXFileReference; lastKnownFileType = sourcecode.swift; path = "Titles enum.swift"; sourceTree = "<group>"; };
		46E95364267C9F9900DB67AF /* Fonts.swift */ = {isa = PBXFileReference; lastKnownFileType = sourcecode.swift; path = Fonts.swift; sourceTree = "<group>"; };
		554D4C0821B07D803CF8716A /* Pods_Ya_Do_Ya_DoUITests.framework */ = {isa = PBXFileReference; explicitFileType = wrapper.framework; includeInIndex = 0; path = Pods_Ya_Do_Ya_DoUITests.framework; sourceTree = BUILT_PRODUCTS_DIR; };
		72121BD4C2D6A1F06045061A /* Pods-Ya.DoTests.debug.xcconfig */ = {isa = PBXFileReference; includeInIndex = 1; lastKnownFileType = text.xcconfig; name = "Pods-Ya.DoTests.debug.xcconfig"; path = "Target Support Files/Pods-Ya.DoTests/Pods-Ya.DoTests.debug.xcconfig"; sourceTree = "<group>"; };
		7E56EA1902B2B08727E7E8B2 /* Pods-Ya.Do-Ya.DoUITests.release.xcconfig */ = {isa = PBXFileReference; includeInIndex = 1; lastKnownFileType = text.xcconfig; name = "Pods-Ya.Do-Ya.DoUITests.release.xcconfig"; path = "Target Support Files/Pods-Ya.Do-Ya.DoUITests/Pods-Ya.Do-Ya.DoUITests.release.xcconfig"; sourceTree = "<group>"; };
		807E0920E01B7956668AB46A /* Pods-Ya.Do.release.xcconfig */ = {isa = PBXFileReference; includeInIndex = 1; lastKnownFileType = text.xcconfig; name = "Pods-Ya.Do.release.xcconfig"; path = "Target Support Files/Pods-Ya.Do/Pods-Ya.Do.release.xcconfig"; sourceTree = "<group>"; };
		83247C07AF65B9749D194BD9 /* Pods_Ya_Do.framework */ = {isa = PBXFileReference; explicitFileType = wrapper.framework; includeInIndex = 0; path = Pods_Ya_Do.framework; sourceTree = BUILT_PRODUCTS_DIR; };
		FE10DB64384984817D64AA48 /* Pods-Ya.Do.debug.xcconfig */ = {isa = PBXFileReference; includeInIndex = 1; lastKnownFileType = text.xcconfig; name = "Pods-Ya.Do.debug.xcconfig"; path = "Target Support Files/Pods-Ya.Do/Pods-Ya.Do.debug.xcconfig"; sourceTree = "<group>"; };
		FF20487376F9E344EFF8A818 /* Pods-Ya.Do-Ya.DoUITests.debug.xcconfig */ = {isa = PBXFileReference; includeInIndex = 1; lastKnownFileType = text.xcconfig; name = "Pods-Ya.Do-Ya.DoUITests.debug.xcconfig"; path = "Target Support Files/Pods-Ya.Do-Ya.DoUITests/Pods-Ya.Do-Ya.DoUITests.debug.xcconfig"; sourceTree = "<group>"; };
/* End PBXFileReference section */

/* Begin PBXFrameworksBuildPhase section */
		469A4B5A2668D49800854663 /* Frameworks */ = {
			isa = PBXFrameworksBuildPhase;
			buildActionMask = 2147483647;
			files = (
				DB3A67A55CBA560A4C8072DE /* Pods_Ya_Do.framework in Frameworks */,
			);
			runOnlyForDeploymentPostprocessing = 0;
		};
		469A4B702668D49C00854663 /* Frameworks */ = {
			isa = PBXFrameworksBuildPhase;
			buildActionMask = 2147483647;
			files = (
				FB1866B2F332887FF5BD2214 /* Pods_Ya_DoTests.framework in Frameworks */,
			);
			runOnlyForDeploymentPostprocessing = 0;
		};
		469A4B7B2668D49C00854663 /* Frameworks */ = {
			isa = PBXFrameworksBuildPhase;
			buildActionMask = 2147483647;
			files = (
				BDDE55F7CEF33298955D164C /* Pods_Ya_Do_Ya_DoUITests.framework in Frameworks */,
			);
			runOnlyForDeploymentPostprocessing = 0;
		};
/* End PBXFrameworksBuildPhase section */

/* Begin PBXGroup section */
		46020F5B266F72FD008BE13B /* Localization */ = {
			isa = PBXGroup;
			children = (
				4669530C266A191800EFEFD4 /* Localizable.strings */,
			);
			path = Localization;
			sourceTree = "<group>";
		};
		46020F6E266FDB02008BE13B /* Controllers */ = {
			isa = PBXGroup;
			children = (
				46020FED267683EF008BE13B /* DetailTaskViewController.swift */,
			);
			path = Controllers;
			sourceTree = "<group>";
		};
		46020F8E2671FB51008BE13B /* Models */ = {
			isa = PBXGroup;
			children = (
				46020F932671FBAF008BE13B /* ToDoItemModel.swift */,
			);
			path = Models;
			sourceTree = "<group>";
		};
		46020F922671FB7A008BE13B /* Data */ = {
			isa = PBXGroup;
			children = (
				46020F9F2671FBE0008BE13B /* FileCache.swift */,
			);
			path = Data;
			sourceTree = "<group>";
		};
		46020FF726768470008BE13B /* Scenes */ = {
			isa = PBXGroup;
			children = (
				46020FF82676847A008BE13B /* StartScene */,
				468F8BF1267CD39B001231E8 /* AllTasksScene */,
				46020FF92676849A008BE13B /* DetailTaskScene */,
			);
			path = Scenes;
			sourceTree = "<group>";
		};
		46020FF82676847A008BE13B /* StartScene */ = {
			isa = PBXGroup;
			children = (
				46967B952668FC35003DBDFF /* StartViewController.swift */,
			);
			path = StartScene;
			sourceTree = "<group>";
		};
		46020FF92676849A008BE13B /* DetailTaskScene */ = {
			isa = PBXGroup;
			children = (
				46020FFA267684C4008BE13B /* View */,
				46020F6E266FDB02008BE13B /* Controllers */,
			);
			path = DetailTaskScene;
			sourceTree = "<group>";
		};
		46020FFA267684C4008BE13B /* View */ = {
			isa = PBXGroup;
			children = (
				46020FF226768404008BE13B /* DetailView.swift */,
			);
			path = View;
			sourceTree = "<group>";
		};
		4680B359267C7AD8000CEA75 /* Extensions */ = {
			isa = PBXGroup;
			children = (
				4680B35A267C7AD8000CEA75 /* UILabel+Ext.swift */,
				4680B35B267C7AD8000CEA75 /* Date+Ext.swift */,
			);
			path = Extensions;
			sourceTree = "<group>";
		};
		468F8BF1267CD39B001231E8 /* AllTasksScene */ = {
			isa = PBXGroup;
			children = (
				468F8BF2267CD39B001231E8 /* Controllers */,
				468F8BF4267CD39B001231E8 /* Views */,
			);
			path = AllTasksScene;
			sourceTree = "<group>";
		};
		468F8BF2267CD39B001231E8 /* Controllers */ = {
			isa = PBXGroup;
			children = (
				468F8BF3267CD39B001231E8 /* AllTasksViewController.swift */,
			);
			path = Controllers;
			sourceTree = "<group>";
		};
		468F8BF4267CD39B001231E8 /* Views */ = {
			isa = PBXGroup;
			children = (
				468F8BF5267CD39B001231E8 /* MainTaskCell.swift */,
			);
			path = Views;
			sourceTree = "<group>";
		};
		469A4B542668D49800854663 = {
			isa = PBXGroup;
			children = (
				469A4B5F2668D49800854663 /* Ya.Do */,
				469A4B762668D49C00854663 /* Ya.DoTests */,
				469A4B812668D49C00854663 /* Ya.DoUITests */,
				469A4B5E2668D49800854663 /* Products */,
				E048BD20F7E0E92A28CD2A86 /* Pods */,
				70D53270DCDB951799D4E6D8 /* Frameworks */,
			);
			sourceTree = "<group>";
		};
		469A4B5E2668D49800854663 /* Products */ = {
			isa = PBXGroup;
			children = (
				469A4B5D2668D49800854663 /* Ya.Do.app */,
				469A4B732668D49C00854663 /* Ya.DoTests.xctest */,
				469A4B7E2668D49C00854663 /* Ya.DoUITests.xctest */,
			);
			name = Products;
			sourceTree = "<group>";
		};
		469A4B5F2668D49800854663 /* Ya.Do */ = {
			isa = PBXGroup;
			children = (
				469A4B602668D49800854663 /* AppDelegate.swift */,
				469A4B622668D49800854663 /* SceneDelegate.swift */,
				46E95358267C990800DB67AF /* Resource+Styles */,
				4680B359267C7AD8000CEA75 /* Extensions */,
				46020FF726768470008BE13B /* Scenes */,
				46020F8E2671FB51008BE13B /* Models */,
				46020F922671FB7A008BE13B /* Data */,
				46020F5B266F72FD008BE13B /* Localization */,
				469A4B692668D49C00854663 /* Assets.xcassets */,
				4680B354267C7AC5000CEA75 /* Colors.xcassets */,
				469A4B6B2668D49C00854663 /* LaunchScreen.storyboard */,
				469A4B6E2668D49C00854663 /* Info.plist */,
			);
			path = Ya.Do;
			sourceTree = "<group>";
		};
		469A4B762668D49C00854663 /* Ya.DoTests */ = {
			isa = PBXGroup;
			children = (
				469A4B772668D49C00854663 /* Ya_DoTests.swift */,
				469A4B792668D49C00854663 /* Info.plist */,
			);
			path = Ya.DoTests;
			sourceTree = "<group>";
		};
		469A4B812668D49C00854663 /* Ya.DoUITests */ = {
			isa = PBXGroup;
			children = (
				469A4B822668D49C00854663 /* Ya_DoUITests.swift */,
				469A4B842668D49C00854663 /* Info.plist */,
			);
			path = Ya.DoUITests;
			sourceTree = "<group>";
		};
		46E95358267C990800DB67AF /* Resource+Styles */ = {
			isa = PBXGroup;
			children = (
				46E95359267C9A6300DB67AF /* Titles enum.swift */,
				46E95364267C9F9900DB67AF /* Fonts.swift */,
				468F8BFE267DEFDF001231E8 /* Images.swift */,
				468F8C03267DF35A001231E8 /* Colors.swift */,
			);
			path = "Resource+Styles";
			sourceTree = "<group>";
		};
		70D53270DCDB951799D4E6D8 /* Frameworks */ = {
			isa = PBXGroup;
			children = (
				83247C07AF65B9749D194BD9 /* Pods_Ya_Do.framework */,
				554D4C0821B07D803CF8716A /* Pods_Ya_Do_Ya_DoUITests.framework */,
				1B68351A0FA7AF5ACE2858DA /* Pods_Ya_DoTests.framework */,
			);
			name = Frameworks;
			sourceTree = "<group>";
		};
		E048BD20F7E0E92A28CD2A86 /* Pods */ = {
			isa = PBXGroup;
			children = (
				FE10DB64384984817D64AA48 /* Pods-Ya.Do.debug.xcconfig */,
				807E0920E01B7956668AB46A /* Pods-Ya.Do.release.xcconfig */,
				FF20487376F9E344EFF8A818 /* Pods-Ya.Do-Ya.DoUITests.debug.xcconfig */,
				7E56EA1902B2B08727E7E8B2 /* Pods-Ya.Do-Ya.DoUITests.release.xcconfig */,
				72121BD4C2D6A1F06045061A /* Pods-Ya.DoTests.debug.xcconfig */,
				16F0A096C5F541C59A2F302D /* Pods-Ya.DoTests.release.xcconfig */,
			);
			path = Pods;
			sourceTree = "<group>";
		};
/* End PBXGroup section */

/* Begin PBXNativeTarget section */
		469A4B5C2668D49800854663 /* Ya.Do */ = {
			isa = PBXNativeTarget;
			buildConfigurationList = 469A4B872668D49C00854663 /* Build configuration list for PBXNativeTarget "Ya.Do" */;
			buildPhases = (
				C0715C7EAFE0FF0685C65B1E /* [CP] Check Pods Manifest.lock */,
				466952FC2669250500EFEFD4 /* ShellScript */,
				469A4B592668D49800854663 /* Sources */,
				469A4B5A2668D49800854663 /* Frameworks */,
				469A4B5B2668D49800854663 /* Resources */,
			);
			buildRules = (
			);
			dependencies = (
			);
			name = Ya.Do;
			productName = Ya.Do;
			productReference = 469A4B5D2668D49800854663 /* Ya.Do.app */;
			productType = "com.apple.product-type.application";
		};
		469A4B722668D49C00854663 /* Ya.DoTests */ = {
			isa = PBXNativeTarget;
			buildConfigurationList = 469A4B8A2668D49C00854663 /* Build configuration list for PBXNativeTarget "Ya.DoTests" */;
			buildPhases = (
				70056F0E7FFC637D898700B2 /* [CP] Check Pods Manifest.lock */,
				469A4B6F2668D49C00854663 /* Sources */,
				469A4B702668D49C00854663 /* Frameworks */,
				469A4B712668D49C00854663 /* Resources */,
			);
			buildRules = (
			);
			dependencies = (
				469A4B752668D49C00854663 /* PBXTargetDependency */,
			);
			name = Ya.DoTests;
			productName = Ya.DoTests;
			productReference = 469A4B732668D49C00854663 /* Ya.DoTests.xctest */;
			productType = "com.apple.product-type.bundle.unit-test";
		};
		469A4B7D2668D49C00854663 /* Ya.DoUITests */ = {
			isa = PBXNativeTarget;
			buildConfigurationList = 469A4B8D2668D49C00854663 /* Build configuration list for PBXNativeTarget "Ya.DoUITests" */;
			buildPhases = (
				0296116F88B87EA060BE8618 /* [CP] Check Pods Manifest.lock */,
				469A4B7A2668D49C00854663 /* Sources */,
				469A4B7B2668D49C00854663 /* Frameworks */,
				469A4B7C2668D49C00854663 /* Resources */,
			);
			buildRules = (
			);
			dependencies = (
				469A4B802668D49C00854663 /* PBXTargetDependency */,
			);
			name = Ya.DoUITests;
			productName = Ya.DoUITests;
			productReference = 469A4B7E2668D49C00854663 /* Ya.DoUITests.xctest */;
			productType = "com.apple.product-type.bundle.ui-testing";
		};
/* End PBXNativeTarget section */

/* Begin PBXProject section */
		469A4B552668D49800854663 /* Project object */ = {
			isa = PBXProject;
			attributes = {
				LastSwiftUpdateCheck = 1240;
				LastUpgradeCheck = 1240;
				TargetAttributes = {
					469A4B5C2668D49800854663 = {
						CreatedOnToolsVersion = 12.4;
					};
					469A4B722668D49C00854663 = {
						CreatedOnToolsVersion = 12.4;
						TestTargetID = 469A4B5C2668D49800854663;
					};
					469A4B7D2668D49C00854663 = {
						CreatedOnToolsVersion = 12.4;
						TestTargetID = 469A4B5C2668D49800854663;
					};
				};
			};
			buildConfigurationList = 469A4B582668D49800854663 /* Build configuration list for PBXProject "Ya.Do" */;
			compatibilityVersion = "Xcode 9.3";
			developmentRegion = en;
			hasScannedForEncodings = 0;
			knownRegions = (
				en,
				Base,
				ru,
			);
			mainGroup = 469A4B542668D49800854663;
			productRefGroup = 469A4B5E2668D49800854663 /* Products */;
			projectDirPath = "";
			projectRoot = "";
			targets = (
				469A4B5C2668D49800854663 /* Ya.Do */,
				469A4B722668D49C00854663 /* Ya.DoTests */,
				469A4B7D2668D49C00854663 /* Ya.DoUITests */,
			);
		};
/* End PBXProject section */

/* Begin PBXResourcesBuildPhase section */
		469A4B5B2668D49800854663 /* Resources */ = {
			isa = PBXResourcesBuildPhase;
			buildActionMask = 2147483647;
			files = (
				469A4B6D2668D49C00854663 /* LaunchScreen.storyboard in Resources */,
				4680B355267C7AC5000CEA75 /* Colors.xcassets in Resources */,
				4669530A266A191800EFEFD4 /* Localizable.strings in Resources */,
				469A4B6A2668D49C00854663 /* Assets.xcassets in Resources */,
			);
			runOnlyForDeploymentPostprocessing = 0;
		};
		469A4B712668D49C00854663 /* Resources */ = {
			isa = PBXResourcesBuildPhase;
			buildActionMask = 2147483647;
			files = (
			);
			runOnlyForDeploymentPostprocessing = 0;
		};
		469A4B7C2668D49C00854663 /* Resources */ = {
			isa = PBXResourcesBuildPhase;
			buildActionMask = 2147483647;
			files = (
			);
			runOnlyForDeploymentPostprocessing = 0;
		};
/* End PBXResourcesBuildPhase section */

/* Begin PBXShellScriptBuildPhase section */
		0296116F88B87EA060BE8618 /* [CP] Check Pods Manifest.lock */ = {
			isa = PBXShellScriptBuildPhase;
			buildActionMask = 2147483647;
			files = (
			);
			inputFileListPaths = (
			);
			inputPaths = (
				"${PODS_PODFILE_DIR_PATH}/Podfile.lock",
				"${PODS_ROOT}/Manifest.lock",
			);
			name = "[CP] Check Pods Manifest.lock";
			outputFileListPaths = (
			);
			outputPaths = (
				"$(DERIVED_FILE_DIR)/Pods-Ya.Do-Ya.DoUITests-checkManifestLockResult.txt",
			);
			runOnlyForDeploymentPostprocessing = 0;
			shellPath = /bin/sh;
			shellScript = "diff \"${PODS_PODFILE_DIR_PATH}/Podfile.lock\" \"${PODS_ROOT}/Manifest.lock\" > /dev/null\nif [ $? != 0 ] ; then\n    # print error to STDERR\n    echo \"error: The sandbox is not in sync with the Podfile.lock. Run 'pod install' or update your CocoaPods installation.\" >&2\n    exit 1\nfi\n# This output is used by Xcode 'outputs' to avoid re-running this script phase.\necho \"SUCCESS\" > \"${SCRIPT_OUTPUT_FILE_0}\"\n";
			showEnvVarsInLog = 0;
		};
		466952FC2669250500EFEFD4 /* ShellScript */ = {
			isa = PBXShellScriptBuildPhase;
			buildActionMask = 2147483647;
			files = (
			);
			inputFileListPaths = (
			);
			inputPaths = (
			);
			outputFileListPaths = (
			);
			outputPaths = (
			);
			runOnlyForDeploymentPostprocessing = 0;
			shellPath = /bin/sh;
			shellScript = "${PODS_ROOT}/SwiftLint/swiftlint\n";
		};
		70056F0E7FFC637D898700B2 /* [CP] Check Pods Manifest.lock */ = {
			isa = PBXShellScriptBuildPhase;
			buildActionMask = 2147483647;
			files = (
			);
			inputFileListPaths = (
			);
			inputPaths = (
				"${PODS_PODFILE_DIR_PATH}/Podfile.lock",
				"${PODS_ROOT}/Manifest.lock",
			);
			name = "[CP] Check Pods Manifest.lock";
			outputFileListPaths = (
			);
			outputPaths = (
				"$(DERIVED_FILE_DIR)/Pods-Ya.DoTests-checkManifestLockResult.txt",
			);
			runOnlyForDeploymentPostprocessing = 0;
			shellPath = /bin/sh;
			shellScript = "diff \"${PODS_PODFILE_DIR_PATH}/Podfile.lock\" \"${PODS_ROOT}/Manifest.lock\" > /dev/null\nif [ $? != 0 ] ; then\n    # print error to STDERR\n    echo \"error: The sandbox is not in sync with the Podfile.lock. Run 'pod install' or update your CocoaPods installation.\" >&2\n    exit 1\nfi\n# This output is used by Xcode 'outputs' to avoid re-running this script phase.\necho \"SUCCESS\" > \"${SCRIPT_OUTPUT_FILE_0}\"\n";
			showEnvVarsInLog = 0;
		};
		C0715C7EAFE0FF0685C65B1E /* [CP] Check Pods Manifest.lock */ = {
			isa = PBXShellScriptBuildPhase;
			buildActionMask = 2147483647;
			files = (
			);
			inputFileListPaths = (
			);
			inputPaths = (
				"${PODS_PODFILE_DIR_PATH}/Podfile.lock",
				"${PODS_ROOT}/Manifest.lock",
			);
			name = "[CP] Check Pods Manifest.lock";
			outputFileListPaths = (
			);
			outputPaths = (
				"$(DERIVED_FILE_DIR)/Pods-Ya.Do-checkManifestLockResult.txt",
			);
			runOnlyForDeploymentPostprocessing = 0;
			shellPath = /bin/sh;
			shellScript = "diff \"${PODS_PODFILE_DIR_PATH}/Podfile.lock\" \"${PODS_ROOT}/Manifest.lock\" > /dev/null\nif [ $? != 0 ] ; then\n    # print error to STDERR\n    echo \"error: The sandbox is not in sync with the Podfile.lock. Run 'pod install' or update your CocoaPods installation.\" >&2\n    exit 1\nfi\n# This output is used by Xcode 'outputs' to avoid re-running this script phase.\necho \"SUCCESS\" > \"${SCRIPT_OUTPUT_FILE_0}\"\n";
			showEnvVarsInLog = 0;
		};
/* End PBXShellScriptBuildPhase section */

/* Begin PBXSourcesBuildPhase section */
		469A4B592668D49800854663 /* Sources */ = {
			isa = PBXSourcesBuildPhase;
			buildActionMask = 2147483647;
			files = (
				46020F942671FBAF008BE13B /* ToDoItemModel.swift in Sources */,
				468F8C04267DF35A001231E8 /* Colors.swift in Sources */,
				468F8BF7267CD39B001231E8 /* MainTaskCell.swift in Sources */,
				4680B35C267C7AD8000CEA75 /* UILabel+Ext.swift in Sources */,
				46020FF326768404008BE13B /* DetailView.swift in Sources */,
				46020FEE267683EF008BE13B /* DetailTaskViewController.swift in Sources */,
				46E9535A267C9A6300DB67AF /* Titles enum.swift in Sources */,
				468F8BF6267CD39B001231E8 /* AllTasksViewController.swift in Sources */,
				468F8BFF267DEFDF001231E8 /* Images.swift in Sources */,
				46967B962668FC35003DBDFF /* StartViewController.swift in Sources */,
				469A4B612668D49800854663 /* AppDelegate.swift in Sources */,
				46020FA02671FBE0008BE13B /* FileCache.swift in Sources */,
				46E95365267C9F9900DB67AF /* Fonts.swift in Sources */,
				469A4B632668D49800854663 /* SceneDelegate.swift in Sources */,
				4680B35D267C7AD8000CEA75 /* Date+Ext.swift in Sources */,
			);
			runOnlyForDeploymentPostprocessing = 0;
		};
		469A4B6F2668D49C00854663 /* Sources */ = {
			isa = PBXSourcesBuildPhase;
			buildActionMask = 2147483647;
			files = (
				469A4B782668D49C00854663 /* Ya_DoTests.swift in Sources */,
			);
			runOnlyForDeploymentPostprocessing = 0;
		};
		469A4B7A2668D49C00854663 /* Sources */ = {
			isa = PBXSourcesBuildPhase;
			buildActionMask = 2147483647;
			files = (
				469A4B832668D49C00854663 /* Ya_DoUITests.swift in Sources */,
			);
			runOnlyForDeploymentPostprocessing = 0;
		};
/* End PBXSourcesBuildPhase section */

/* Begin PBXTargetDependency section */
		469A4B752668D49C00854663 /* PBXTargetDependency */ = {
			isa = PBXTargetDependency;
			target = 469A4B5C2668D49800854663 /* Ya.Do */;
			targetProxy = 469A4B742668D49C00854663 /* PBXContainerItemProxy */;
		};
		469A4B802668D49C00854663 /* PBXTargetDependency */ = {
			isa = PBXTargetDependency;
			target = 469A4B5C2668D49800854663 /* Ya.Do */;
			targetProxy = 469A4B7F2668D49C00854663 /* PBXContainerItemProxy */;
		};
/* End PBXTargetDependency section */

/* Begin PBXVariantGroup section */
		4669530C266A191800EFEFD4 /* Localizable.strings */ = {
			isa = PBXVariantGroup;
			children = (
				4669530B266A191800EFEFD4 /* en */,
				46695310266A1D9000EFEFD4 /* ru */,
			);
			name = Localizable.strings;
			sourceTree = "<group>";
		};
		469A4B6B2668D49C00854663 /* LaunchScreen.storyboard */ = {
			isa = PBXVariantGroup;
			children = (
				469A4B6C2668D49C00854663 /* Base */,
			);
			name = LaunchScreen.storyboard;
			sourceTree = "<group>";
		};
/* End PBXVariantGroup section */

/* Begin XCBuildConfiguration section */
		469A4B852668D49C00854663 /* Debug */ = {
			isa = XCBuildConfiguration;
			buildSettings = {
				ALWAYS_SEARCH_USER_PATHS = NO;
				CLANG_ANALYZER_LOCALIZABILITY_NONLOCALIZED = YES;
				CLANG_ANALYZER_NONNULL = YES;
				CLANG_ANALYZER_NUMBER_OBJECT_CONVERSION = YES_AGGRESSIVE;
				CLANG_CXX_LANGUAGE_STANDARD = "gnu++14";
				CLANG_CXX_LIBRARY = "libc++";
				CLANG_ENABLE_MODULES = YES;
				CLANG_ENABLE_OBJC_ARC = YES;
				CLANG_ENABLE_OBJC_WEAK = YES;
				CLANG_WARN_BLOCK_CAPTURE_AUTORELEASING = YES;
				CLANG_WARN_BOOL_CONVERSION = YES;
				CLANG_WARN_COMMA = YES;
				CLANG_WARN_CONSTANT_CONVERSION = YES;
				CLANG_WARN_DEPRECATED_OBJC_IMPLEMENTATIONS = YES;
				CLANG_WARN_DIRECT_OBJC_ISA_USAGE = YES_ERROR;
				CLANG_WARN_DOCUMENTATION_COMMENTS = YES;
				CLANG_WARN_EMPTY_BODY = YES;
				CLANG_WARN_ENUM_CONVERSION = YES;
				CLANG_WARN_INFINITE_RECURSION = YES;
				CLANG_WARN_INT_CONVERSION = YES;
				CLANG_WARN_NON_LITERAL_NULL_CONVERSION = YES;
				CLANG_WARN_OBJC_IMPLICIT_RETAIN_SELF = YES;
				CLANG_WARN_OBJC_LITERAL_CONVERSION = YES;
				CLANG_WARN_OBJC_ROOT_CLASS = YES_ERROR;
				CLANG_WARN_QUOTED_INCLUDE_IN_FRAMEWORK_HEADER = YES;
				CLANG_WARN_RANGE_LOOP_ANALYSIS = YES;
				CLANG_WARN_STRICT_PROTOTYPES = YES;
				CLANG_WARN_SUSPICIOUS_MOVE = YES;
				CLANG_WARN_UNGUARDED_AVAILABILITY = YES_AGGRESSIVE;
				CLANG_WARN_UNREACHABLE_CODE = YES;
				CLANG_WARN__DUPLICATE_METHOD_MATCH = YES;
				COPY_PHASE_STRIP = NO;
				DEBUG_INFORMATION_FORMAT = dwarf;
				ENABLE_STRICT_OBJC_MSGSEND = YES;
				ENABLE_TESTABILITY = YES;
				GCC_C_LANGUAGE_STANDARD = gnu11;
				GCC_DYNAMIC_NO_PIC = NO;
				GCC_NO_COMMON_BLOCKS = YES;
				GCC_OPTIMIZATION_LEVEL = 0;
				GCC_PREPROCESSOR_DEFINITIONS = (
					"DEBUG=1",
					"$(inherited)",
				);
				GCC_WARN_64_TO_32_BIT_CONVERSION = YES;
				GCC_WARN_ABOUT_RETURN_TYPE = YES_ERROR;
				GCC_WARN_UNDECLARED_SELECTOR = YES;
				GCC_WARN_UNINITIALIZED_AUTOS = YES_AGGRESSIVE;
				GCC_WARN_UNUSED_FUNCTION = YES;
				GCC_WARN_UNUSED_VARIABLE = YES;
				IPHONEOS_DEPLOYMENT_TARGET = 14.4;
				MTL_ENABLE_DEBUG_INFO = INCLUDE_SOURCE;
				MTL_FAST_MATH = YES;
				ONLY_ACTIVE_ARCH = YES;
				SDKROOT = iphoneos;
				SWIFT_ACTIVE_COMPILATION_CONDITIONS = DEBUG;
				SWIFT_OPTIMIZATION_LEVEL = "-Onone";
			};
			name = Debug;
		};
		469A4B862668D49C00854663 /* Release */ = {
			isa = XCBuildConfiguration;
			buildSettings = {
				ALWAYS_SEARCH_USER_PATHS = NO;
				CLANG_ANALYZER_LOCALIZABILITY_NONLOCALIZED = YES;
				CLANG_ANALYZER_NONNULL = YES;
				CLANG_ANALYZER_NUMBER_OBJECT_CONVERSION = YES_AGGRESSIVE;
				CLANG_CXX_LANGUAGE_STANDARD = "gnu++14";
				CLANG_CXX_LIBRARY = "libc++";
				CLANG_ENABLE_MODULES = YES;
				CLANG_ENABLE_OBJC_ARC = YES;
				CLANG_ENABLE_OBJC_WEAK = YES;
				CLANG_WARN_BLOCK_CAPTURE_AUTORELEASING = YES;
				CLANG_WARN_BOOL_CONVERSION = YES;
				CLANG_WARN_COMMA = YES;
				CLANG_WARN_CONSTANT_CONVERSION = YES;
				CLANG_WARN_DEPRECATED_OBJC_IMPLEMENTATIONS = YES;
				CLANG_WARN_DIRECT_OBJC_ISA_USAGE = YES_ERROR;
				CLANG_WARN_DOCUMENTATION_COMMENTS = YES;
				CLANG_WARN_EMPTY_BODY = YES;
				CLANG_WARN_ENUM_CONVERSION = YES;
				CLANG_WARN_INFINITE_RECURSION = YES;
				CLANG_WARN_INT_CONVERSION = YES;
				CLANG_WARN_NON_LITERAL_NULL_CONVERSION = YES;
				CLANG_WARN_OBJC_IMPLICIT_RETAIN_SELF = YES;
				CLANG_WARN_OBJC_LITERAL_CONVERSION = YES;
				CLANG_WARN_OBJC_ROOT_CLASS = YES_ERROR;
				CLANG_WARN_QUOTED_INCLUDE_IN_FRAMEWORK_HEADER = YES;
				CLANG_WARN_RANGE_LOOP_ANALYSIS = YES;
				CLANG_WARN_STRICT_PROTOTYPES = YES;
				CLANG_WARN_SUSPICIOUS_MOVE = YES;
				CLANG_WARN_UNGUARDED_AVAILABILITY = YES_AGGRESSIVE;
				CLANG_WARN_UNREACHABLE_CODE = YES;
				CLANG_WARN__DUPLICATE_METHOD_MATCH = YES;
				COPY_PHASE_STRIP = NO;
				DEBUG_INFORMATION_FORMAT = "dwarf-with-dsym";
				ENABLE_NS_ASSERTIONS = NO;
				ENABLE_STRICT_OBJC_MSGSEND = YES;
				GCC_C_LANGUAGE_STANDARD = gnu11;
				GCC_NO_COMMON_BLOCKS = YES;
				GCC_WARN_64_TO_32_BIT_CONVERSION = YES;
				GCC_WARN_ABOUT_RETURN_TYPE = YES_ERROR;
				GCC_WARN_UNDECLARED_SELECTOR = YES;
				GCC_WARN_UNINITIALIZED_AUTOS = YES_AGGRESSIVE;
				GCC_WARN_UNUSED_FUNCTION = YES;
				GCC_WARN_UNUSED_VARIABLE = YES;
				IPHONEOS_DEPLOYMENT_TARGET = 14.4;
				MTL_ENABLE_DEBUG_INFO = NO;
				MTL_FAST_MATH = YES;
				SDKROOT = iphoneos;
				SWIFT_COMPILATION_MODE = wholemodule;
				SWIFT_OPTIMIZATION_LEVEL = "-O";
				VALIDATE_PRODUCT = YES;
			};
			name = Release;
		};
		469A4B882668D49C00854663 /* Debug */ = {
			isa = XCBuildConfiguration;
			baseConfigurationReference = FE10DB64384984817D64AA48 /* Pods-Ya.Do.debug.xcconfig */;
			buildSettings = {
				ASSETCATALOG_COMPILER_APPICON_NAME = AppIcon;
				ASSETCATALOG_COMPILER_GLOBAL_ACCENT_COLOR_NAME = AccentColor;
				CODE_SIGN_STYLE = Automatic;
				DEVELOPMENT_TEAM = 2ZJNXLX3CB;
				INFOPLIST_FILE = Ya.Do/Info.plist;
				IPHONEOS_DEPLOYMENT_TARGET = 14.4;
				LD_RUNPATH_SEARCH_PATHS = (
					"$(inherited)",
					"@executable_path/Frameworks",
				);
				PRODUCT_BUNDLE_IDENTIFIER = "Marina.Ya-Do";
				PRODUCT_NAME = "$(TARGET_NAME)";
				SWIFT_VERSION = 5.0;
				TARGETED_DEVICE_FAMILY = "1,2";
			};
			name = Debug;
		};
		469A4B892668D49C00854663 /* Release */ = {
			isa = XCBuildConfiguration;
			baseConfigurationReference = 807E0920E01B7956668AB46A /* Pods-Ya.Do.release.xcconfig */;
			buildSettings = {
				ASSETCATALOG_COMPILER_APPICON_NAME = AppIcon;
				ASSETCATALOG_COMPILER_GLOBAL_ACCENT_COLOR_NAME = AccentColor;
				CODE_SIGN_STYLE = Automatic;
				DEVELOPMENT_TEAM = 2ZJNXLX3CB;
				INFOPLIST_FILE = Ya.Do/Info.plist;
				IPHONEOS_DEPLOYMENT_TARGET = 14.4;
				LD_RUNPATH_SEARCH_PATHS = (
					"$(inherited)",
					"@executable_path/Frameworks",
				);
				PRODUCT_BUNDLE_IDENTIFIER = "Marina.Ya-Do";
				PRODUCT_NAME = "$(TARGET_NAME)";
				SWIFT_VERSION = 5.0;
				TARGETED_DEVICE_FAMILY = "1,2";
			};
			name = Release;
		};
		469A4B8B2668D49C00854663 /* Debug */ = {
			isa = XCBuildConfiguration;
			baseConfigurationReference = 72121BD4C2D6A1F06045061A /* Pods-Ya.DoTests.debug.xcconfig */;
			buildSettings = {
				ALWAYS_EMBED_SWIFT_STANDARD_LIBRARIES = YES;
				BUNDLE_LOADER = "$(TEST_HOST)";
				CODE_SIGN_STYLE = Automatic;
				DEVELOPMENT_TEAM = 2ZJNXLX3CB;
				INFOPLIST_FILE = Ya.DoTests/Info.plist;
				IPHONEOS_DEPLOYMENT_TARGET = 14.4;
				LD_RUNPATH_SEARCH_PATHS = (
					"$(inherited)",
					"@executable_path/Frameworks",
					"@loader_path/Frameworks",
				);
				PRODUCT_BUNDLE_IDENTIFIER = "Marina.Ya-DoTests";
				PRODUCT_NAME = "$(TARGET_NAME)";
				SWIFT_VERSION = 5.0;
				TARGETED_DEVICE_FAMILY = "1,2";
				TEST_HOST = "$(BUILT_PRODUCTS_DIR)/Ya.Do.app/Ya.Do";
			};
			name = Debug;
		};
		469A4B8C2668D49C00854663 /* Release */ = {
			isa = XCBuildConfiguration;
			baseConfigurationReference = 16F0A096C5F541C59A2F302D /* Pods-Ya.DoTests.release.xcconfig */;
			buildSettings = {
				ALWAYS_EMBED_SWIFT_STANDARD_LIBRARIES = YES;
				BUNDLE_LOADER = "$(TEST_HOST)";
				CODE_SIGN_STYLE = Automatic;
				DEVELOPMENT_TEAM = 2ZJNXLX3CB;
				INFOPLIST_FILE = Ya.DoTests/Info.plist;
				IPHONEOS_DEPLOYMENT_TARGET = 14.4;
				LD_RUNPATH_SEARCH_PATHS = (
					"$(inherited)",
					"@executable_path/Frameworks",
					"@loader_path/Frameworks",
				);
				PRODUCT_BUNDLE_IDENTIFIER = "Marina.Ya-DoTests";
				PRODUCT_NAME = "$(TARGET_NAME)";
				SWIFT_VERSION = 5.0;
				TARGETED_DEVICE_FAMILY = "1,2";
				TEST_HOST = "$(BUILT_PRODUCTS_DIR)/Ya.Do.app/Ya.Do";
			};
			name = Release;
		};
		469A4B8E2668D49C00854663 /* Debug */ = {
			isa = XCBuildConfiguration;
			baseConfigurationReference = FF20487376F9E344EFF8A818 /* Pods-Ya.Do-Ya.DoUITests.debug.xcconfig */;
			buildSettings = {
				ALWAYS_EMBED_SWIFT_STANDARD_LIBRARIES = YES;
				CODE_SIGN_STYLE = Automatic;
				DEVELOPMENT_TEAM = 2ZJNXLX3CB;
				INFOPLIST_FILE = Ya.DoUITests/Info.plist;
				LD_RUNPATH_SEARCH_PATHS = (
					"$(inherited)",
					"@executable_path/Frameworks",
					"@loader_path/Frameworks",
				);
				PRODUCT_BUNDLE_IDENTIFIER = "Marina.Ya-DoUITests";
				PRODUCT_NAME = "$(TARGET_NAME)";
				SWIFT_VERSION = 5.0;
				TARGETED_DEVICE_FAMILY = "1,2";
				TEST_TARGET_NAME = Ya.Do;
			};
			name = Debug;
		};
		469A4B8F2668D49C00854663 /* Release */ = {
			isa = XCBuildConfiguration;
			baseConfigurationReference = 7E56EA1902B2B08727E7E8B2 /* Pods-Ya.Do-Ya.DoUITests.release.xcconfig */;
			buildSettings = {
				ALWAYS_EMBED_SWIFT_STANDARD_LIBRARIES = YES;
				CODE_SIGN_STYLE = Automatic;
				DEVELOPMENT_TEAM = 2ZJNXLX3CB;
				INFOPLIST_FILE = Ya.DoUITests/Info.plist;
				LD_RUNPATH_SEARCH_PATHS = (
					"$(inherited)",
					"@executable_path/Frameworks",
					"@loader_path/Frameworks",
				);
				PRODUCT_BUNDLE_IDENTIFIER = "Marina.Ya-DoUITests";
				PRODUCT_NAME = "$(TARGET_NAME)";
				SWIFT_VERSION = 5.0;
				TARGETED_DEVICE_FAMILY = "1,2";
				TEST_TARGET_NAME = Ya.Do;
			};
			name = Release;
		};
/* End XCBuildConfiguration section */

/* Begin XCConfigurationList section */
		469A4B582668D49800854663 /* Build configuration list for PBXProject "Ya.Do" */ = {
			isa = XCConfigurationList;
			buildConfigurations = (
				469A4B852668D49C00854663 /* Debug */,
				469A4B862668D49C00854663 /* Release */,
			);
			defaultConfigurationIsVisible = 0;
			defaultConfigurationName = Release;
		};
		469A4B872668D49C00854663 /* Build configuration list for PBXNativeTarget "Ya.Do" */ = {
			isa = XCConfigurationList;
			buildConfigurations = (
				469A4B882668D49C00854663 /* Debug */,
				469A4B892668D49C00854663 /* Release */,
			);
			defaultConfigurationIsVisible = 0;
			defaultConfigurationName = Release;
		};
		469A4B8A2668D49C00854663 /* Build configuration list for PBXNativeTarget "Ya.DoTests" */ = {
			isa = XCConfigurationList;
			buildConfigurations = (
				469A4B8B2668D49C00854663 /* Debug */,
				469A4B8C2668D49C00854663 /* Release */,
			);
			defaultConfigurationIsVisible = 0;
			defaultConfigurationName = Release;
		};
		469A4B8D2668D49C00854663 /* Build configuration list for PBXNativeTarget "Ya.DoUITests" */ = {
			isa = XCConfigurationList;
			buildConfigurations = (
				469A4B8E2668D49C00854663 /* Debug */,
				469A4B8F2668D49C00854663 /* Release */,
			);
			defaultConfigurationIsVisible = 0;
			defaultConfigurationName = Release;
		};
/* End XCConfigurationList section */
	};
	rootObject = 469A4B552668D49800854663 /* Project object */;
}
